
Microsoft Visual Studio Solution File, Format Version 12.00
# Visual Studio Version 16
VisualStudioVersion = 16.0.29613.14
MinimumVisualStudioVersion = 10.0.40219.1
Project("{9A19103F-16F7-4668-BE54-9A1E7A4F7556}") = "SqlServer.Rules", "SqlServer.Rules\SqlServer.Rules.csproj", "{352B071F-CE87-434D-9432-C118C6A9F523}"
EndProject
Project("{2150E333-8FDC-42A3-9474-1A3956D46DE8}") = "Solution Items", "Solution Items", "{3405B639-54DE-4180-80A1-3B8A22AD693D}"
	ProjectSection(SolutionItems) = preProject
		.editorconfig = .editorconfig
		.gitattributes = .gitattributes
		.gitignore = .gitignore
		key.snk = key.snk
		LICENSE = LICENSE
		README.md = README.md
		SQL Server Rules.csv = SQL Server Rules.csv
	EndProjectSection
EndProject
Project("{9A19103F-16F7-4668-BE54-9A1E7A4F7556}") = "SqlServer.Rules.Generator", "SqlServer.Rules.Generator\SqlServer.Rules.Generator.csproj", "{FA176464-41C2-4EF5-8FBC-ADA435F33FAE}"
EndProject
Project("{9A19103F-16F7-4668-BE54-9A1E7A4F7556}") = "SqlServer.Rules.SolutionGenerator", "SqlServer.Rules.SolutionGenerator\SqlServer.Rules.SolutionGenerator.csproj", "{29ADFA6B-292B-41EF-9279-1E58B700B134}"
EndProject
Project("{9A19103F-16F7-4668-BE54-9A1E7A4F7556}") = "SqlServer.Rules.Report", "SqlServer.Rules.Report\SqlServer.Rules.Report.csproj", "{B8C13F50-FE33-4416-AA9B-9502F4C039F7}"
EndProject
Project("{2150E333-8FDC-42A3-9474-1A3956D46DE8}") = ".nuget", ".nuget", "{86E895C7-42B7-4334-889B-DF1C0D733B15}"
	ProjectSection(SolutionItems) = preProject
		.nuget\NuGet.Config = .nuget\NuGet.Config
	EndProjectSection
EndProject
Project("{9A19103F-16F7-4668-BE54-9A1E7A4F7556}") = "SqlServer.Dac", "SqlServer.Dac\SqlServer.Dac.csproj", "{958B2716-4E46-4498-A742-23DCCF5CE22A}"
EndProject
Project("{9A19103F-16F7-4668-BE54-9A1E7A4F7556}") = "SqlServer.Rules.Tests", "SqlServer.Rules.Test\SqlServer.Rules.Tests.csproj", "{54816BB2-6952-4573-BA7C-B387D86D5425}"
EndProject
Project("{2150E333-8FDC-42A3-9474-1A3956D46DE8}") = "Admin Scripts", "Admin Scripts", "{9B7DA20C-6191-4102-B2A9-F8100AD66FD9}"
EndProject
Project("{2150E333-8FDC-42A3-9474-1A3956D46DE8}") = "Windows", "Windows", "{42637764-8B6D-4211-81AE-617833721BF8}"
	ProjectSection(SolutionItems) = preProject
		Admin Scripts\Windows\BuildSolution.bat = Admin Scripts\Windows\BuildSolution.bat
		Admin Scripts\Windows\BuildSolution.ps1 = Admin Scripts\Windows\BuildSolution.ps1
		Admin Scripts\Windows\Install.bat = Admin Scripts\Windows\Install.bat
		Admin Scripts\Windows\Install.ps1 = Admin Scripts\Windows\Install.ps1
	EndProjectSection
EndProject
Project("{2150E333-8FDC-42A3-9474-1A3956D46DE8}") = ".github", ".github", "{A3CFDF6A-9D73-4814-BE43-DD223FE1C275}"
EndProject
Project("{2150E333-8FDC-42A3-9474-1A3956D46DE8}") = "workflows", "workflows", "{8FF2252D-599A-43EC-B907-AFFDDEAF0552}"
	ProjectSection(SolutionItems) = preProject
		.github\workflows\create_release.ps1 = .github\workflows\create_release.ps1
		.github\workflows\generate_docs.ps1 = .github\workflows\generate_docs.ps1
		.github\workflows\get_project_outputs.ps1 = .github\workflows\get_project_outputs.ps1
		.github\workflows\pipeline.yml = .github\workflows\pipeline.yml
	EndProjectSection
EndProject
Project("{2150E333-8FDC-42A3-9474-1A3956D46DE8}") = "docs", "docs", "{596B2FD7-2684-4DC5-BD46-31EE223C49E4}"
EndProject
Project("{2150E333-8FDC-42A3-9474-1A3956D46DE8}") = "Design", "Design", "{544D4AA6-CCA1-47A7-8155-9BC7673177CA}"
	ProjectSection(SolutionItems) = preProject
		docs\Design\SRD0001.md = docs\Design\SRD0001.md
		docs\Design\SRD0002.md = docs\Design\SRD0002.md
		docs\Design\SRD0003.md = docs\Design\SRD0003.md
		docs\Design\SRD0004.md = docs\Design\SRD0004.md
		docs\Design\SRD0005.md = docs\Design\SRD0005.md
		docs\Design\SRD0006.md = docs\Design\SRD0006.md
		docs\Design\SRD0009.md = docs\Design\SRD0009.md
		docs\Design\SRD0010.md = docs\Design\SRD0010.md
		docs\Design\SRD0011.md = docs\Design\SRD0011.md
		docs\Design\SRD0012.md = docs\Design\SRD0012.md
		docs\Design\SRD0013.md = docs\Design\SRD0013.md
		docs\Design\SRD0014.md = docs\Design\SRD0014.md
		docs\Design\SRD0015.md = docs\Design\SRD0015.md
		docs\Design\SRD0016.md = docs\Design\SRD0016.md
		docs\Design\SRD0017.md = docs\Design\SRD0017.md
		docs\Design\SRD0018.md = docs\Design\SRD0018.md
		docs\Design\SRD0019.md = docs\Design\SRD0019.md
		docs\Design\SRD0020.md = docs\Design\SRD0020.md
		docs\Design\SRD0021.md = docs\Design\SRD0021.md
		docs\Design\SRD0024.md = docs\Design\SRD0024.md
		docs\Design\SRD0025.md = docs\Design\SRD0025.md
		docs\Design\SRD0026.md = docs\Design\SRD0026.md
		docs\Design\SRD0027.md = docs\Design\SRD0027.md
		docs\Design\SRD0028.md = docs\Design\SRD0028.md
		docs\Design\SRD0030.md = docs\Design\SRD0030.md
		docs\Design\SRD0031.md = docs\Design\SRD0031.md
		docs\Design\SRD0032.md = docs\Design\SRD0032.md
		docs\Design\SRD0033.md = docs\Design\SRD0033.md
		docs\Design\SRD0034.md = docs\Design\SRD0034.md
		docs\Design\SRD0035.md = docs\Design\SRD0035.md
		docs\Design\SRD0036.md = docs\Design\SRD0036.md
		docs\Design\SRD0038.md = docs\Design\SRD0038.md
		docs\Design\SRD0039.md = docs\Design\SRD0039.md
		docs\Design\SRD0041.md = docs\Design\SRD0041.md
		docs\Design\SRD0043.md = docs\Design\SRD0043.md
		docs\Design\SRD0044.md = docs\Design\SRD0044.md
		docs\Design\SRD0045.md = docs\Design\SRD0045.md
		docs\Design\SRD0046.md = docs\Design\SRD0046.md
		docs\Design\SRD0047.md = docs\Design\SRD0047.md
		docs\Design\SRD0050.md = docs\Design\SRD0050.md
		docs\Design\SRD0051.md = docs\Design\SRD0051.md
		docs\Design\SRD0052.md = docs\Design\SRD0052.md
		docs\Design\SRD0053.md = docs\Design\SRD0053.md
		docs\Design\SRD0055.md = docs\Design\SRD0055.md
		docs\Design\SRD0056.md = docs\Design\SRD0056.md
		docs\Design\SRD0057.md = docs\Design\SRD0057.md
		docs\Design\SRD0058.md = docs\Design\SRD0058.md
		docs\Design\SRD0060.md = docs\Design\SRD0060.md
		docs\Design\SRD0061.md = docs\Design\SRD0061.md
		docs\Design\SRD0062.md = docs\Design\SRD0062.md
		docs\Design\SRD0063.md = docs\Design\SRD0063.md
		docs\Design\SRD0064.md = docs\Design\SRD0064.md
		docs\Design\SRD0065.md = docs\Design\SRD0065.md
	EndProjectSection
EndProject
Project("{2150E333-8FDC-42A3-9474-1A3956D46DE8}") = "Naming", "Naming", "{B1B0D9D0-3F3A-476A-A71A-58FFEC5A47FB}"
	ProjectSection(SolutionItems) = preProject
		docs\Naming\SRN0001.md = docs\Naming\SRN0001.md
		docs\Naming\SRN0002.md = docs\Naming\SRN0002.md
		docs\Naming\SRN0006.md = docs\Naming\SRN0006.md
		docs\Naming\SRN0007.md = docs\Naming\SRN0007.md
	EndProjectSection
EndProject
Project("{2150E333-8FDC-42A3-9474-1A3956D46DE8}") = "Performance", "Performance", "{0A45C60B-D8D4-494C-823F-770EFC2444A7}"
	ProjectSection(SolutionItems) = preProject
		docs\Performance\SRP0001.md = docs\Performance\SRP0001.md
		docs\Performance\SRP0002.md = docs\Performance\SRP0002.md
		docs\Performance\SRP0003.md = docs\Performance\SRP0003.md
		docs\Performance\SRP0004.md = docs\Performance\SRP0004.md
		docs\Performance\SRP0005.md = docs\Performance\SRP0005.md
		docs\Performance\SRP0006.md = docs\Performance\SRP0006.md
		docs\Performance\SRP0007.md = docs\Performance\SRP0007.md
		docs\Performance\SRP0008.md = docs\Performance\SRP0008.md
		docs\Performance\SRP0009.md = docs\Performance\SRP0009.md
		docs\Performance\SRP0010.md = docs\Performance\SRP0010.md
		docs\Performance\SRP0011.md = docs\Performance\SRP0011.md
		docs\Performance\SRP0012.md = docs\Performance\SRP0012.md
		docs\Performance\SRP0013.md = docs\Performance\SRP0013.md
		docs\Performance\SRP0014.md = docs\Performance\SRP0014.md
		docs\Performance\SRP0015.md = docs\Performance\SRP0015.md
		docs\Performance\SRP0016.md = docs\Performance\SRP0016.md
		docs\Performance\SRP0017.md = docs\Performance\SRP0017.md
		docs\Performance\SRP0018.md = docs\Performance\SRP0018.md
		docs\Performance\SRP0020.md = docs\Performance\SRP0020.md
		docs\Performance\SRP0021.md = docs\Performance\SRP0021.md
		docs\Performance\SRP0022.md = docs\Performance\SRP0022.md
		docs\Performance\SRP0023.md = docs\Performance\SRP0023.md
		docs\Performance\SRP0024.md = docs\Performance\SRP0024.md
	EndProjectSection
EndProject
Global
	GlobalSection(SolutionConfigurationPlatforms) = preSolution
		Debug|Any CPU = Debug|Any CPU
		Release|Any CPU = Release|Any CPU
	EndGlobalSection
	GlobalSection(ProjectConfigurationPlatforms) = postSolution
		{352B071F-CE87-434D-9432-C118C6A9F523}.Debug|Any CPU.ActiveCfg = Debug|Any CPU
		{352B071F-CE87-434D-9432-C118C6A9F523}.Debug|Any CPU.Build.0 = Debug|Any CPU
		{352B071F-CE87-434D-9432-C118C6A9F523}.Release|Any CPU.ActiveCfg = Release|Any CPU
		{352B071F-CE87-434D-9432-C118C6A9F523}.Release|Any CPU.Build.0 = Release|Any CPU
		{FA176464-41C2-4EF5-8FBC-ADA435F33FAE}.Debug|Any CPU.ActiveCfg = Debug|Any CPU
		{FA176464-41C2-4EF5-8FBC-ADA435F33FAE}.Debug|Any CPU.Build.0 = Debug|Any CPU
		{FA176464-41C2-4EF5-8FBC-ADA435F33FAE}.Release|Any CPU.ActiveCfg = Release|Any CPU
		{FA176464-41C2-4EF5-8FBC-ADA435F33FAE}.Release|Any CPU.Build.0 = Release|Any CPU
		{29ADFA6B-292B-41EF-9279-1E58B700B134}.Debug|Any CPU.ActiveCfg = Debug|Any CPU
		{29ADFA6B-292B-41EF-9279-1E58B700B134}.Debug|Any CPU.Build.0 = Debug|Any CPU
		{29ADFA6B-292B-41EF-9279-1E58B700B134}.Release|Any CPU.ActiveCfg = Release|Any CPU
		{29ADFA6B-292B-41EF-9279-1E58B700B134}.Release|Any CPU.Build.0 = Release|Any CPU
		{B8C13F50-FE33-4416-AA9B-9502F4C039F7}.Debug|Any CPU.ActiveCfg = Debug|Any CPU
		{B8C13F50-FE33-4416-AA9B-9502F4C039F7}.Debug|Any CPU.Build.0 = Debug|Any CPU
		{B8C13F50-FE33-4416-AA9B-9502F4C039F7}.Release|Any CPU.ActiveCfg = Release|Any CPU
		{B8C13F50-FE33-4416-AA9B-9502F4C039F7}.Release|Any CPU.Build.0 = Release|Any CPU
		{958B2716-4E46-4498-A742-23DCCF5CE22A}.Debug|Any CPU.ActiveCfg = Debug|Any CPU
		{958B2716-4E46-4498-A742-23DCCF5CE22A}.Debug|Any CPU.Build.0 = Debug|Any CPU
		{958B2716-4E46-4498-A742-23DCCF5CE22A}.Release|Any CPU.ActiveCfg = Release|Any CPU
		{958B2716-4E46-4498-A742-23DCCF5CE22A}.Release|Any CPU.Build.0 = Release|Any CPU
		{54816BB2-6952-4573-BA7C-B387D86D5425}.Debug|Any CPU.ActiveCfg = Debug|Any CPU
		{54816BB2-6952-4573-BA7C-B387D86D5425}.Debug|Any CPU.Build.0 = Debug|Any CPU
		{54816BB2-6952-4573-BA7C-B387D86D5425}.Release|Any CPU.ActiveCfg = Release|Any CPU
		{54816BB2-6952-4573-BA7C-B387D86D5425}.Release|Any CPU.Build.0 = Release|Any CPU
	EndGlobalSection
	GlobalSection(SolutionProperties) = preSolution
		HideSolutionNode = FALSE
	EndGlobalSection
	GlobalSection(NestedProjects) = preSolution
		{42637764-8B6D-4211-81AE-617833721BF8} = {9B7DA20C-6191-4102-B2A9-F8100AD66FD9}
		{8FF2252D-599A-43EC-B907-AFFDDEAF0552} = {A3CFDF6A-9D73-4814-BE43-DD223FE1C275}
		{544D4AA6-CCA1-47A7-8155-9BC7673177CA} = {596B2FD7-2684-4DC5-BD46-31EE223C49E4}
		{B1B0D9D0-3F3A-476A-A71A-58FFEC5A47FB} = {596B2FD7-2684-4DC5-BD46-31EE223C49E4}
		{0A45C60B-D8D4-494C-823F-770EFC2444A7} = {596B2FD7-2684-4DC5-BD46-31EE223C49E4}
	EndGlobalSection
	GlobalSection(ExtensibilityGlobals) = postSolution
		SolutionGuid = {67B59E89-8C35-419D-A49B-9C2C19584900}
	EndGlobalSection
EndGlobal
